{
    "_readme": [
        "This file locks the dependencies of your project to a known state",
        "Read more about it at http://getcomposer.org/doc/01-basic-usage.md#composer-lock-the-lock-file",
        "This file is @generated automatically"
    ],
    "hash": "41a99077d9f0c0655b46cc7d1f3a77c0",
    "packages": [
        {
            "name": "jalle19/php-tvheadend",
            "version": "dev-master",
            "source": {
                "type": "git",
                "url": "https://github.com/Jalle19/php-tvheadend.git",
                "reference": "e79927fdc90d4834dd3e139447083fba8aa1ad28"
            },
            "dist": {
                "type": "zip",
                "url": "https://api.github.com/repos/Jalle19/php-tvheadend/zipball/e79927fdc90d4834dd3e139447083fba8aa1ad28",
                "reference": "e79927fdc90d4834dd3e139447083fba8aa1ad28",
                "shasum": ""
            },
            "require": {
                "monolog/monolog": "1.12.*",
                "nategood/commando": "0.2.*",
                "zendframework/zend-http": "2.3.*"
            },
            "type": "library",
            "autoload": {
                "psr-0": {
                    "jalle19\\tvheadend": "src"
                }
            },
            "license": [
                "GNU GPL v2.0"
            ],
            "authors": [
                {
                    "name": "Sam Stenvall",
                    "email": "neggelandia@gmail.com"
                }
            ],
            "description": "PHP wrapper for the tvheadend API",
            "support": {
                "source": "https://github.com/Jalle19/php-tvheadend/tree/master",
                "issues": "https://github.com/Jalle19/php-tvheadend/issues"
            },
            "time": "2015-02-24 09:52:08"
        },
        {
            "name": "kevinlebrun/colors.php",
            "version": "0.2.0",
            "source": {
                "type": "git",
                "url": "https://github.com/kevinlebrun/colors.php.git",
                "reference": "b13d23b9365ece519abc0eaa77cd3061c5810d30"
            },
            "dist": {
                "type": "zip",
                "url": "https://api.github.com/repos/kevinlebrun/colors.php/zipball/b13d23b9365ece519abc0eaa77cd3061c5810d30",
                "reference": "b13d23b9365ece519abc0eaa77cd3061c5810d30",
                "shasum": ""
            },
            "require": {
                "php": ">=5.3.0"
            },
            "type": "library",
            "autoload": {
                "psr-0": {
                    "Colors": "lib/"
                }
            },
            "notification-url": "https://packagist.org/downloads/",
            "license": [
                "MIT"
            ],
            "authors": [
                {
                    "name": "Kevin Le Brun",
                    "email": "lebrun.k@gmail.com",
                    "homepage": "http://kevinlebrun.fr",
                    "role": "developer"
                }
            ],
            "description": "Colors for PHP CLI scripts",
            "homepage": "https://github.com/kevinlebrun/colors.php",
            "keywords": [
                "cli",
                "color",
                "colors",
                "console",
                "shell"
            ],
            "time": "2012-03-25 18:18:10"
        },
        {
            "name": "monolog/monolog",
            "version": "1.12.0",
            "source": {
                "type": "git",
                "url": "https://github.com/Seldaek/monolog.git",
                "reference": "1fbe8c2641f2b163addf49cc5e18f144bec6b19f"
            },
            "dist": {
                "type": "zip",
                "url": "https://api.github.com/repos/Seldaek/monolog/zipball/1fbe8c2641f2b163addf49cc5e18f144bec6b19f",
                "reference": "1fbe8c2641f2b163addf49cc5e18f144bec6b19f",
                "shasum": ""
            },
            "require": {
                "php": ">=5.3.0",
                "psr/log": "~1.0"
            },
            "provide": {
                "psr/log-implementation": "1.0.0"
            },
            "require-dev": {
                "aws/aws-sdk-php": "~2.4, >2.4.8",
                "doctrine/couchdb": "~1.0@dev",
                "graylog2/gelf-php": "~1.0",
                "phpunit/phpunit": "~4.0",
                "raven/raven": "~0.5",
                "ruflin/elastica": "0.90.*",
                "videlalvaro/php-amqplib": "~2.4"
            },
            "suggest": {
                "aws/aws-sdk-php": "Allow sending log messages to AWS services like DynamoDB",
                "doctrine/couchdb": "Allow sending log messages to a CouchDB server",
                "ext-amqp": "Allow sending log messages to an AMQP server (1.0+ required)",
                "ext-mongo": "Allow sending log messages to a MongoDB server",
                "graylog2/gelf-php": "Allow sending log messages to a GrayLog2 server",
                "raven/raven": "Allow sending log messages to a Sentry server",
                "rollbar/rollbar": "Allow sending log messages to Rollbar",
                "ruflin/elastica": "Allow sending log messages to an Elastic Search server",
                "videlalvaro/php-amqplib": "Allow sending log messages to an AMQP server using php-amqplib"
            },
            "type": "library",
            "extra": {
                "branch-alias": {
                    "dev-master": "1.12.x-dev"
                }
            },
            "autoload": {
                "psr-4": {
                    "Monolog\\": "src/Monolog"
                }
            },
            "notification-url": "https://packagist.org/downloads/",
            "license": [
                "MIT"
            ],
            "authors": [
                {
                    "name": "Jordi Boggiano",
                    "email": "j.boggiano@seld.be",
                    "homepage": "http://seld.be"
                }
            ],
            "description": "Sends your logs to files, sockets, inboxes, databases and various web services",
            "homepage": "http://github.com/Seldaek/monolog",
            "keywords": [
                "log",
                "logging",
                "psr-3"
            ],
            "time": "2014-12-29 21:29:35"
        },
        {
            "name": "nategood/commando",
            "version": "0.2.7",
            "source": {
                "type": "git",
                "url": "https://github.com/nategood/commando.git",
                "reference": "873183f0062514ff8c50851f0d8ce98cbbd5ac72"
            },
            "dist": {
                "type": "zip",
                "url": "https://api.github.com/repos/nategood/commando/zipball/873183f0062514ff8c50851f0d8ce98cbbd5ac72",
                "reference": "873183f0062514ff8c50851f0d8ce98cbbd5ac72",
                "shasum": ""
            },
            "require": {
                "kevinlebrun/colors.php": "0.2.*",
                "php": ">=5.3"
            },
            "type": "library",
            "autoload": {
                "psr-0": {
                    "Commando": "src/"
                }
            },
            "notification-url": "https://packagist.org/downloads/",
            "license": [
                "MIT"
            ],
            "authors": [
                {
                    "name": "Nate Good",
                    "email": "me@nategood.com"
                }
            ],
            "description": "PHP CLI Commando Style",
            "homepage": "http://github.com/nategood/commando",
            "keywords": [
                "automation",
                "cli",
                "command",
                "command line",
                "command line interface",
                "scripting"
            ],
            "time": "2015-01-05 15:55:41"
        },
        {
            "name": "psr/log",
            "version": "1.0.0",
            "source": {
                "type": "git",
                "url": "https://github.com/php-fig/log.git",
                "reference": "fe0936ee26643249e916849d48e3a51d5f5e278b"
            },
            "dist": {
                "type": "zip",
                "url": "https://api.github.com/repos/php-fig/log/zipball/fe0936ee26643249e916849d48e3a51d5f5e278b",
                "reference": "fe0936ee26643249e916849d48e3a51d5f5e278b",
                "shasum": ""
            },
            "type": "library",
            "autoload": {
                "psr-0": {
                    "Psr\\Log\\": ""
                }
            },
            "notification-url": "https://packagist.org/downloads/",
            "license": [
                "MIT"
            ],
            "authors": [
                {
                    "name": "PHP-FIG",
                    "homepage": "http://www.php-fig.org/"
                }
            ],
            "description": "Common interface for logging libraries",
            "keywords": [
                "log",
                "psr",
                "psr-3"
            ],
            "time": "2012-12-21 11:40:51"
        },
        {
            "name": "zendframework/zend-escaper",
            "version": "2.3.4",
            "target-dir": "Zend/Escaper",
            "source": {
                "type": "git",
                "url": "https://github.com/zendframework/Component_ZendEscaper.git",
                "reference": "67c8f76ff6d899a5619a4ab27c3b46ed3ae743fc"
            },
            "dist": {
                "type": "zip",
                "url": "https://api.github.com/repos/zendframework/Component_ZendEscaper/zipball/67c8f76ff6d899a5619a4ab27c3b46ed3ae743fc",
                "reference": "67c8f76ff6d899a5619a4ab27c3b46ed3ae743fc",
                "shasum": ""
            },
            "require": {
                "php": ">=5.3.23"
            },
            "type": "library",
            "extra": {
                "branch-alias": {
                    "dev-master": "2.3-dev",
                    "dev-develop": "2.4-dev"
                }
            },
            "autoload": {
                "psr-0": {
                    "Zend\\Escaper\\": ""
                }
            },
            "notification-url": "https://packagist.org/downloads/",
            "license": [
                "BSD-3-Clause"
            ],
            "homepage": "https://github.com/zendframework/zf2",
            "keywords": [
                "escaper",
                "zf2"
            ],
            "time": "2015-01-14 16:44:17"
        },
        {
            "name": "zendframework/zend-http",
            "version": "2.3.4",
            "target-dir": "Zend/Http",
            "source": {
                "type": "git",
                "url": "https://github.com/zendframework/Component_ZendHttp.git",
                "reference": "1758f768120fdd173e22ed45230a8e49b6155766"
            },
            "dist": {
                "type": "zip",
                "url": "https://api.github.com/repos/zendframework/Component_ZendHttp/zipball/1758f768120fdd173e22ed45230a8e49b6155766",
                "reference": "1758f768120fdd173e22ed45230a8e49b6155766",
                "shasum": ""
            },
            "require": {
                "php": ">=5.3.23",
                "zendframework/zend-loader": "self.version",
                "zendframework/zend-stdlib": "self.version",
                "zendframework/zend-uri": "self.version",
                "zendframework/zend-validator": "self.version"
            },
            "type": "library",
            "extra": {
                "branch-alias": {
                    "dev-master": "2.3-dev",
                    "dev-develop": "2.4-dev"
                }
            },
            "autoload": {
                "psr-0": {
                    "Zend\\Http\\": ""
                }
            },
            "notification-url": "https://packagist.org/downloads/",
            "license": [
                "BSD-3-Clause"
            ],
            "description": "provides an easy interface for performing Hyper-Text Transfer Protocol (HTTP) requests",
            "homepage": "https://github.com/zendframework/zf2",
            "keywords": [
                "http",
                "zf2"
            ],
            "time": "2015-01-14 16:44:17"
        },
        {
            "name": "zendframework/zend-loader",
            "version": "2.3.4",
            "target-dir": "Zend/Loader",
            "source": {
                "type": "git",
                "url": "https://github.com/zendframework/Component_ZendLoader.git",
                "reference": "521ba8650f70d512f9790921153d39eedcabed43"
            },
            "dist": {
                "type": "zip",
                "url": "https://api.github.com/repos/zendframework/Component_ZendLoader/zipball/521ba8650f70d512f9790921153d39eedcabed43",
                "reference": "521ba8650f70d512f9790921153d39eedcabed43",
                "shasum": ""
            },
            "require": {
                "php": ">=5.3.23"
            },
            "type": "library",
            "extra": {
                "branch-alias": {
                    "dev-master": "2.3-dev",
                    "dev-develop": "2.4-dev"
                }
            },
            "autoload": {
                "psr-0": {
                    "Zend\\Loader\\": ""
                }
            },
            "notification-url": "https://packagist.org/downloads/",
            "license": [
                "BSD-3-Clause"
            ],
            "homepage": "https://github.com/zendframework/zf2",
            "keywords": [
                "loader",
                "zf2"
            ],
            "time": "2015-01-14 16:44:17"
        },
        {
            "name": "zendframework/zend-stdlib",
            "version": "2.3.4",
            "target-dir": "Zend/Stdlib",
            "source": {
                "type": "git",
                "url": "https://github.com/zendframework/Component_ZendStdlib.git",
                "reference": "280e4ee6a8fea96b3de00a39174758b4002a7358"
            },
            "dist": {
                "type": "zip",
                "url": "https://api.github.com/repos/zendframework/Component_ZendStdlib/zipball/280e4ee6a8fea96b3de00a39174758b4002a7358",
                "reference": "280e4ee6a8fea96b3de00a39174758b4002a7358",
                "shasum": ""
            },
            "require": {
                "php": ">=5.3.23"
            },
            "require-dev": {
                "zendframework/zend-eventmanager": "self.version",
                "zendframework/zend-filter": "self.version",
                "zendframework/zend-serializer": "self.version",
                "zendframework/zend-servicemanager": "self.version"
            },
            "suggest": {
                "zendframework/zend-eventmanager": "To support aggregate hydrator usage",
                "zendframework/zend-filter": "To support naming strategy hydrator usage",
                "zendframework/zend-serializer": "Zend\\Serializer component",
                "zendframework/zend-servicemanager": "To support hydrator plugin manager usage"
            },
            "type": "library",
            "extra": {
                "branch-alias": {
                    "dev-master": "2.3-dev",
                    "dev-develop": "2.4-dev"
                }
            },
            "autoload": {
                "psr-0": {
                    "Zend\\Stdlib\\": ""
                }
            },
            "notification-url": "https://packagist.org/downloads/",
            "license": [
                "BSD-3-Clause"
            ],
            "homepage": "https://github.com/zendframework/zf2",
            "keywords": [
                "stdlib",
                "zf2"
            ],
            "time": "2015-01-14 16:44:17"
        },
        {
            "name": "zendframework/zend-uri",
            "version": "2.3.4",
            "target-dir": "Zend/Uri",
            "source": {
                "type": "git",
                "url": "https://github.com/zendframework/Component_ZendUri.git",
                "reference": "72c7e6b146b6d16e71c5529bfcdb45a7148adc33"
            },
            "dist": {
                "type": "zip",
                "url": "https://api.github.com/repos/zendframework/Component_ZendUri/zipball/72c7e6b146b6d16e71c5529bfcdb45a7148adc33",
                "reference": "72c7e6b146b6d16e71c5529bfcdb45a7148adc33",
                "shasum": ""
            },
            "require": {
                "php": ">=5.3.23",
                "zendframework/zend-escaper": "self.version",
                "zendframework/zend-validator": "self.version"
            },
            "type": "library",
            "extra": {
                "branch-alias": {
                    "dev-master": "2.3-dev",
                    "dev-develop": "2.4-dev"
                }
            },
            "autoload": {
                "psr-0": {
                    "Zend\\Uri\\": ""
                }
            },
            "notification-url": "https://packagist.org/downloads/",
            "license": [
                "BSD-3-Clause"
            ],
            "description": "a component that aids in manipulating and validating » Uniform Resource Identifiers (URIs)",
            "homepage": "https://github.com/zendframework/zf2",
            "keywords": [
                "uri",
                "zf2"
            ],
            "time": "2015-01-14 16:44:17"
        },
        {
            "name": "zendframework/zend-validator",
            "version": "2.3.4",
            "target-dir": "Zend/Validator",
            "source": {
                "type": "git",
                "url": "https://github.com/zendframework/Component_ZendValidator.git",
                "reference": "f048d85d523c9bb2b16f0660412560efd9d257c1"
            },
            "dist": {
                "type": "zip",
                "url": "https://api.github.com/repos/zendframework/Component_ZendValidator/zipball/f048d85d523c9bb2b16f0660412560efd9d257c1",
                "reference": "f048d85d523c9bb2b16f0660412560efd9d257c1",
                "shasum": ""
            },
            "require": {
                "php": ">=5.3.23",
                "zendframework/zend-stdlib": "self.version"
            },
            "require-dev": {
                "zendframework/zend-db": "self.version",
                "zendframework/zend-filter": "self.version",
                "zendframework/zend-i18n": "self.version",
                "zendframework/zend-math": "self.version",
                "zendframework/zend-servicemanager": "self.version",
                "zendframework/zend-session": "self.version",
                "zendframework/zend-uri": "self.version"
            },
            "suggest": {
                "zendframework/zend-db": "Zend\\Db component",
                "zendframework/zend-filter": "Zend\\Filter component, required by the Digits validator",
                "zendframework/zend-i18n": "Zend\\I18n component to allow translation of validation error messages as well as to use the various Date validators",
                "zendframework/zend-math": "Zend\\Math component",
                "zendframework/zend-resources": "Translations of validator messages",
                "zendframework/zend-servicemanager": "Zend\\ServiceManager component to allow using the ValidatorPluginManager and validator chains",
                "zendframework/zend-session": "Zend\\Session component",
                "zendframework/zend-uri": "Zend\\Uri component, required by the Uri and Sitemap\\Loc validators"
            },
            "type": "library",
            "extra": {
                "branch-alias": {
                    "dev-master": "2.3-dev",
                    "dev-develop": "2.4-dev"
                }
            },
            "autoload": {
                "psr-0": {
                    "Zend\\Validator\\": ""
                }
            },
            "notification-url": "https://packagist.org/downloads/",
            "license": [
                "BSD-3-Clause"
            ],
            "description": "provides a set of commonly needed validators",
            "homepage": "https://github.com/zendframework/zf2",
            "keywords": [
                "validator",
                "zf2"
            ],
            "time": "2015-01-14 16:44:17"
        }
    ],
    "packages-dev": [],
    "aliases": [],
    "minimum-stability": "stable",
    "stability-flags": {
        "jalle19/php-tvheadend": 20
    },
    "prefer-stable": false,
    "prefer-lowest": false,
    "platform": [],
    "platform-dev": []
}
